// !$*UTF8*$!
{
	archiveVersion = 1;
	classes = {
	};
	objectVersion = 46;
	objects = {

/* Begin PBXBuildFile section */
		CA307FE41E1567F900D6C0D6 /* AppDelegate.swift in Sources */ = {isa = PBXBuildFile; fileRef = CA307FE31E1567F900D6C0D6 /* AppDelegate.swift */; };
		CA307FE81E1567F900D6C0D6 /* Assets.xcassets in Resources */ = {isa = PBXBuildFile; fileRef = CA307FE71E1567F900D6C0D6 /* Assets.xcassets */; };
		CA307FEB1E1567F900D6C0D6 /* Main.storyboard in Resources */ = {isa = PBXBuildFile; fileRef = CA307FE91E1567F900D6C0D6 /* Main.storyboard */; };
		CA3080651E16839200D6C0D6 /* Shaders.metal in Sources */ = {isa = PBXBuildFile; fileRef = CA3080641E16839200D6C0D6 /* Shaders.metal */; };
		CA3080671E1D2E0E00D6C0D6 /* Utils.swift in Sources */ = {isa = PBXBuildFile; fileRef = CA3080661E1D2E0E00D6C0D6 /* Utils.swift */; };
		CA3441951E6E2F6900F0C6A1 /* RenderableModel.swift in Sources */ = {isa = PBXBuildFile; fileRef = CA3441941E6E2F6900F0C6A1 /* RenderableModel.swift */; };
		CA4314311E6A0C9500BE3E90 /* VisualiserWindowController.swift in Sources */ = {isa = PBXBuildFile; fileRef = CA4314301E6A0C9500BE3E90 /* VisualiserWindowController.swift */; };
		CA6161921E25ACA2000E7C80 /* MetalViewController.swift in Sources */ = {isa = PBXBuildFile; fileRef = CA6161911E25ACA2000E7C80 /* MetalViewController.swift */; };
		CA6161951E25B6CD000E7C80 /* MetalShaderTypes.swift in Sources */ = {isa = PBXBuildFile; fileRef = CA6161941E25B6CD000E7C80 /* MetalShaderTypes.swift */; };
		CA703F8D1E22B92C00D824BF /* Mesh.swift in Sources */ = {isa = PBXBuildFile; fileRef = CA703F8C1E22B92C00D824BF /* Mesh.swift */; };
		CA703F8F1E22BAA600D824BF /* Submesh.swift in Sources */ = {isa = PBXBuildFile; fileRef = CA703F8E1E22BAA600D824BF /* Submesh.swift */; };
		CA821B501E69998800BA26B2 /* OutlinerViewController.swift in Sources */ = {isa = PBXBuildFile; fileRef = CA821B4F1E69998800BA26B2 /* OutlinerViewController.swift */; };
		CA821B541E699A9500BA26B2 /* SidebarViewController.swift in Sources */ = {isa = PBXBuildFile; fileRef = CA821B531E699A9500BA26B2 /* SidebarViewController.swift */; };
		CA821B561E69E12E00BA26B2 /* Stage.swift in Sources */ = {isa = PBXBuildFile; fileRef = CA821B551E69E12E00BA26B2 /* Stage.swift */; };
		CA8409E21E6A4BD100459F6D /* NoNameStringValueTransformer.swift in Sources */ = {isa = PBXBuildFile; fileRef = CA8409E11E6A4BD100459F6D /* NoNameStringValueTransformer.swift */; };
		CA8409EB1E6D974200459F6D /* ModelManager.swift in Sources */ = {isa = PBXBuildFile; fileRef = CA8409EA1E6D974200459F6D /* ModelManager.swift */; };
		CA8409ED1E6DCA7600459F6D /* Model.swift in Sources */ = {isa = PBXBuildFile; fileRef = CA8409EC1E6DCA7600459F6D /* Model.swift */; };
		CA9D8D641E1E56DE00FBD5F3 /* Camera.swift in Sources */ = {isa = PBXBuildFile; fileRef = CA9D8D631E1E56DE00FBD5F3 /* Camera.swift */; };
		CAB0D8ED1E567B49006C3CAC /* Show.swift in Sources */ = {isa = PBXBuildFile; fileRef = CAB0D8EC1E567B49006C3CAC /* Show.swift */; };
		CAB0D90C1E5686A5006C3CAC /* VisualiserViewController.swift in Sources */ = {isa = PBXBuildFile; fileRef = CAB0D90B1E5686A5006C3CAC /* VisualiserViewController.swift */; };
		CAB0D9101E5880FB006C3CAC /* MeshInspectorViewController.swift in Sources */ = {isa = PBXBuildFile; fileRef = CAB0D90F1E5880FA006C3CAC /* MeshInspectorViewController.swift */; };
/* End PBXBuildFile section */

/* Begin PBXFileReference section */
		CA307FE01E1567F900D6C0D6 /* Visualiser.app */ = {isa = PBXFileReference; explicitFileType = wrapper.application; includeInIndex = 0; path = Visualiser.app; sourceTree = BUILT_PRODUCTS_DIR; };
		CA307FE31E1567F900D6C0D6 /* AppDelegate.swift */ = {isa = PBXFileReference; lastKnownFileType = sourcecode.swift; path = AppDelegate.swift; sourceTree = "<group>"; };
		CA307FE71E1567F900D6C0D6 /* Assets.xcassets */ = {isa = PBXFileReference; lastKnownFileType = folder.assetcatalog; path = Assets.xcassets; sourceTree = "<group>"; };
		CA307FEA1E1567F900D6C0D6 /* Base */ = {isa = PBXFileReference; lastKnownFileType = file.storyboard; name = Base; path = Base.lproj/Main.storyboard; sourceTree = "<group>"; };
		CA307FEC1E1567F900D6C0D6 /* Info.plist */ = {isa = PBXFileReference; lastKnownFileType = text.plist.xml; path = Info.plist; sourceTree = "<group>"; };
		CA3080641E16839200D6C0D6 /* Shaders.metal */ = {isa = PBXFileReference; fileEncoding = 4; lastKnownFileType = sourcecode.metal; path = Shaders.metal; sourceTree = "<group>"; };
		CA3080661E1D2E0E00D6C0D6 /* Utils.swift */ = {isa = PBXFileReference; fileEncoding = 4; lastKnownFileType = sourcecode.swift; path = Utils.swift; sourceTree = "<group>"; };
		CA3441941E6E2F6900F0C6A1 /* RenderableModel.swift */ = {isa = PBXFileReference; fileEncoding = 4; lastKnownFileType = sourcecode.swift; path = RenderableModel.swift; sourceTree = "<group>"; };
		CA4314301E6A0C9500BE3E90 /* VisualiserWindowController.swift */ = {isa = PBXFileReference; fileEncoding = 4; lastKnownFileType = sourcecode.swift; path = VisualiserWindowController.swift; sourceTree = "<group>"; };
		CA6161911E25ACA2000E7C80 /* MetalViewController.swift */ = {isa = PBXFileReference; fileEncoding = 4; lastKnownFileType = sourcecode.swift; path = MetalViewController.swift; sourceTree = "<group>"; };
		CA6161941E25B6CD000E7C80 /* MetalShaderTypes.swift */ = {isa = PBXFileReference; fileEncoding = 4; lastKnownFileType = sourcecode.swift; path = MetalShaderTypes.swift; sourceTree = "<group>"; };
		CA703F8C1E22B92C00D824BF /* Mesh.swift */ = {isa = PBXFileReference; fileEncoding = 4; lastKnownFileType = sourcecode.swift; path = Mesh.swift; sourceTree = "<group>"; };
		CA703F8E1E22BAA600D824BF /* Submesh.swift */ = {isa = PBXFileReference; fileEncoding = 4; lastKnownFileType = sourcecode.swift; path = Submesh.swift; sourceTree = "<group>"; };
		CA821B4F1E69998800BA26B2 /* OutlinerViewController.swift */ = {isa = PBXFileReference; fileEncoding = 4; lastKnownFileType = sourcecode.swift; path = OutlinerViewController.swift; sourceTree = "<group>"; };
		CA821B531E699A9500BA26B2 /* SidebarViewController.swift */ = {isa = PBXFileReference; fileEncoding = 4; lastKnownFileType = sourcecode.swift; path = SidebarViewController.swift; sourceTree = "<group>"; };
		CA821B551E69E12E00BA26B2 /* Stage.swift */ = {isa = PBXFileReference; fileEncoding = 4; lastKnownFileType = sourcecode.swift; path = Stage.swift; sourceTree = "<group>"; };
		CA8409E11E6A4BD100459F6D /* NoNameStringValueTransformer.swift */ = {isa = PBXFileReference; fileEncoding = 4; lastKnownFileType = sourcecode.swift; path = NoNameStringValueTransformer.swift; sourceTree = "<group>"; };
		CA8409EA1E6D974200459F6D /* ModelManager.swift */ = {isa = PBXFileReference; fileEncoding = 4; lastKnownFileType = sourcecode.swift; path = ModelManager.swift; sourceTree = "<group>"; };
		CA8409EC1E6DCA7600459F6D /* Model.swift */ = {isa = PBXFileReference; fileEncoding = 4; lastKnownFileType = sourcecode.swift; path = Model.swift; sourceTree = "<group>"; };
		CA9D8D631E1E56DE00FBD5F3 /* Camera.swift */ = {isa = PBXFileReference; fileEncoding = 4; lastKnownFileType = sourcecode.swift; path = Camera.swift; sourceTree = "<group>"; };
		CAB0D8EC1E567B49006C3CAC /* Show.swift */ = {isa = PBXFileReference; fileEncoding = 4; lastKnownFileType = sourcecode.swift; path = Show.swift; sourceTree = "<group>"; };
		CAB0D90B1E5686A5006C3CAC /* VisualiserViewController.swift */ = {isa = PBXFileReference; fileEncoding = 4; lastKnownFileType = sourcecode.swift; path = VisualiserViewController.swift; sourceTree = "<group>"; };
		CAB0D90F1E5880FA006C3CAC /* MeshInspectorViewController.swift */ = {isa = PBXFileReference; fileEncoding = 4; lastKnownFileType = sourcecode.swift; path = MeshInspectorViewController.swift; sourceTree = "<group>"; };
/* End PBXFileReference section */

/* Begin PBXFrameworksBuildPhase section */
		CA307FDD1E1567F900D6C0D6 /* Frameworks */ = {
			isa = PBXFrameworksBuildPhase;
			buildActionMask = 2147483647;
			files = (
			);
			runOnlyForDeploymentPostprocessing = 0;
		};
/* End PBXFrameworksBuildPhase section */

/* Begin PBXGroup section */
		CA307FD71E1567F900D6C0D6 = {
			isa = PBXGroup;
			children = (
				CA307FE21E1567F900D6C0D6 /* Visualiser */,
				CA307FE11E1567F900D6C0D6 /* Products */,
			);
			sourceTree = "<group>";
		};
		CA307FE11E1567F900D6C0D6 /* Products */ = {
			isa = PBXGroup;
			children = (
				CA307FE01E1567F900D6C0D6 /* Visualiser.app */,
			);
			name = Products;
			sourceTree = "<group>";
		};
		CA307FE21E1567F900D6C0D6 /* Visualiser */ = {
			isa = PBXGroup;
			children = (
				CA3441931E6E29ED00F0C6A1 /* Rendering */,
				CA8409E71E6A557200459F6D /* Models */,
				CA8409E41E6A53E400459F6D /* Controllers */,
				CA307FE31E1567F900D6C0D6 /* AppDelegate.swift */,
				CA307FE71E1567F900D6C0D6 /* Assets.xcassets */,
				CA307FE91E1567F900D6C0D6 /* Main.storyboard */,
				CA8409E11E6A4BD100459F6D /* NoNameStringValueTransformer.swift */,
				CA3080661E1D2E0E00D6C0D6 /* Utils.swift */,
				CA307FEC1E1567F900D6C0D6 /* Info.plist */,
			);
			path = Visualiser;
			sourceTree = "<group>";
		};
		CA3441931E6E29ED00F0C6A1 /* Rendering */ = {
			isa = PBXGroup;
			children = (
				CA8409E51E6A542400459F6D /* Shaders */,
				CA6161941E25B6CD000E7C80 /* MetalShaderTypes.swift */,
				CA6161911E25ACA2000E7C80 /* MetalViewController.swift */,
				CA8409EA1E6D974200459F6D /* ModelManager.swift */,
				CA3441941E6E2F6900F0C6A1 /* RenderableModel.swift */,
				CA703F8C1E22B92C00D824BF /* Mesh.swift */,
				CA703F8E1E22BAA600D824BF /* Submesh.swift */,
			);
			name = Rendering;
			sourceTree = "<group>";
		};
		CA8409E41E6A53E400459F6D /* Controllers */ = {
			isa = PBXGroup;
			children = (
				CA821B531E699A9500BA26B2 /* SidebarViewController.swift */,
				CA4314301E6A0C9500BE3E90 /* VisualiserWindowController.swift */,
				CA821B4F1E69998800BA26B2 /* OutlinerViewController.swift */,
				CAB0D90F1E5880FA006C3CAC /* MeshInspectorViewController.swift */,
				CAB0D90B1E5686A5006C3CAC /* VisualiserViewController.swift */,
			);
			name = Controllers;
			sourceTree = "<group>";
		};
		CA8409E51E6A542400459F6D /* Shaders */ = {
			isa = PBXGroup;
			children = (
				CA3080641E16839200D6C0D6 /* Shaders.metal */,
			);
			name = Shaders;
			sourceTree = "<group>";
		};
		CA8409E71E6A557200459F6D /* Models */ = {
			isa = PBXGroup;
			children = (
				CA821B551E69E12E00BA26B2 /* Stage.swift */,
				CAB0D8EC1E567B49006C3CAC /* Show.swift */,
				CA9D8D631E1E56DE00FBD5F3 /* Camera.swift */,
				CA8409EC1E6DCA7600459F6D /* Model.swift */,
			);
			name = Models;
			sourceTree = "<group>";
		};
/* End PBXGroup section */

/* Begin PBXNativeTarget section */
		CA307FDF1E1567F900D6C0D6 /* Visualiser */ = {
			isa = PBXNativeTarget;
			buildConfigurationList = CA307FEF1E1567F900D6C0D6 /* Build configuration list for PBXNativeTarget "Visualiser" */;
			buildPhases = (
				CA307FDC1E1567F900D6C0D6 /* Sources */,
				CA307FDD1E1567F900D6C0D6 /* Frameworks */,
				CA307FDE1E1567F900D6C0D6 /* Resources */,
			);
			buildRules = (
			);
			dependencies = (
			);
			name = Visualiser;
			productName = Visualiser;
			productReference = CA307FE01E1567F900D6C0D6 /* Visualiser.app */;
			productType = "com.apple.product-type.application";
		};
/* End PBXNativeTarget section */

/* Begin PBXProject section */
		CA307FD81E1567F900D6C0D6 /* Project object */ = {
			isa = PBXProject;
			attributes = {
				LastSwiftUpdateCheck = 0820;
				LastUpgradeCheck = 0820;
				ORGANIZATIONNAME = "Douglas Finlay";
				TargetAttributes = {
					CA307FDF1E1567F900D6C0D6 = {
						CreatedOnToolsVersion = 8.2;
						DevelopmentTeam = 8X9VS723NH;
						ProvisioningStyle = Automatic;
					};
				};
			};
			buildConfigurationList = CA307FDB1E1567F900D6C0D6 /* Build configuration list for PBXProject "Visualiser" */;
			compatibilityVersion = "Xcode 3.2";
			developmentRegion = English;
			hasScannedForEncodings = 0;
			knownRegions = (
				en,
				Base,
			);
			mainGroup = CA307FD71E1567F900D6C0D6;
			productRefGroup = CA307FE11E1567F900D6C0D6 /* Products */;
			projectDirPath = "";
			projectRoot = "";
			targets = (
				CA307FDF1E1567F900D6C0D6 /* Visualiser */,
			);
		};
/* End PBXProject section */

/* Begin PBXResourcesBuildPhase section */
		CA307FDE1E1567F900D6C0D6 /* Resources */ = {
			isa = PBXResourcesBuildPhase;
			buildActionMask = 2147483647;
			files = (
				CA307FE81E1567F900D6C0D6 /* Assets.xcassets in Resources */,
				CA307FEB1E1567F900D6C0D6 /* Main.storyboard in Resources */,
			);
			runOnlyForDeploymentPostprocessing = 0;
		};
/* End PBXResourcesBuildPhase section */

/* Begin PBXSourcesBuildPhase section */
		CA307FDC1E1567F900D6C0D6 /* Sources */ = {
			isa = PBXSourcesBuildPhase;
			buildActionMask = 2147483647;
			files = (
				CA6161951E25B6CD000E7C80 /* MetalShaderTypes.swift in Sources */,
				CAB0D9101E5880FB006C3CAC /* MeshInspectorViewController.swift in Sources */,
				CA8409EB1E6D974200459F6D /* ModelManager.swift in Sources */,
				CA703F8D1E22B92C00D824BF /* Mesh.swift in Sources */,
				CA3080651E16839200D6C0D6 /* Shaders.metal in Sources */,
				CAB0D8ED1E567B49006C3CAC /* Show.swift in Sources */,
				CA8409E21E6A4BD100459F6D /* NoNameStringValueTransformer.swift in Sources */,
				CA9D8D641E1E56DE00FBD5F3 /* Camera.swift in Sources */,
				CA307FE41E1567F900D6C0D6 /* AppDelegate.swift in Sources */,
				CA8409ED1E6DCA7600459F6D /* Model.swift in Sources */,
				CA703F8F1E22BAA600D824BF /* Submesh.swift in Sources */,
				CA821B501E69998800BA26B2 /* OutlinerViewController.swift in Sources */,
				CA821B561E69E12E00BA26B2 /* Stage.swift in Sources */,
				CA6161921E25ACA2000E7C80 /* MetalViewController.swift in Sources */,
				CAB0D90C1E5686A5006C3CAC /* VisualiserViewController.swift in Sources */,
				CA4314311E6A0C9500BE3E90 /* VisualiserWindowController.swift in Sources */,
				CA3080671E1D2E0E00D6C0D6 /* Utils.swift in Sources */,
				CA3441951E6E2F6900F0C6A1 /* RenderableModel.swift in Sources */,
				CA821B541E699A9500BA26B2 /* SidebarViewController.swift in Sources */,
			);
			runOnlyForDeploymentPostprocessing = 0;
		};
/* End PBXSourcesBuildPhase section */

/* Begin PBXVariantGroup section */
		CA307FE91E1567F900D6C0D6 /* Main.storyboard */ = {
			isa = PBXVariantGroup;
			children = (
				CA307FEA1E1567F900D6C0D6 /* Base */,
			);
			name = Main.storyboard;
			sourceTree = "<group>";
		};
/* End PBXVariantGroup section */

/* Begin XCBuildConfiguration section */
		CA307FED1E1567F900D6C0D6 /* Debug */ = {
			isa = XCBuildConfiguration;
			buildSettings = {
				ALWAYS_SEARCH_USER_PATHS = NO;
				CLANG_ANALYZER_NONNULL = YES;
				CLANG_CXX_LANGUAGE_STANDARD = "gnu++0x";
				CLANG_CXX_LIBRARY = "libc++";
				CLANG_ENABLE_MODULES = YES;
				CLANG_ENABLE_OBJC_ARC = YES;
				CLANG_WARN_BOOL_CONVERSION = YES;
				CLANG_WARN_CONSTANT_CONVERSION = YES;
				CLANG_WARN_DIRECT_OBJC_ISA_USAGE = YES_ERROR;
				CLANG_WARN_DOCUMENTATION_COMMENTS = YES;
				CLANG_WARN_EMPTY_BODY = YES;
				CLANG_WARN_ENUM_CONVERSION = YES;
				CLANG_WARN_INFINITE_RECURSION = YES;
				CLANG_WARN_INT_CONVERSION = YES;
				CLANG_WARN_OBJC_ROOT_CLASS = YES_ERROR;
				CLANG_WARN_SUSPICIOUS_MOVE = YES;
				CLANG_WARN_UNREACHABLE_CODE = YES;
				CLANG_WARN__DUPLICATE_METHOD_MATCH = YES;
				CODE_SIGN_IDENTITY = "-";
				COPY_PHASE_STRIP = NO;
				DEBUG_INFORMATION_FORMAT = dwarf;
				ENABLE_STRICT_OBJC_MSGSEND = YES;
				ENABLE_TESTABILITY = YES;
				GCC_C_LANGUAGE_STANDARD = gnu99;
				GCC_DYNAMIC_NO_PIC = NO;
				GCC_NO_COMMON_BLOCKS = YES;
				GCC_OPTIMIZATION_LEVEL = 0;
				GCC_PREPROCESSOR_DEFINITIONS = (
					"DEBUG=1",
					"$(inherited)",
				);
				GCC_WARN_64_TO_32_BIT_CONVERSION = YES;
				GCC_WARN_ABOUT_RETURN_TYPE = YES_ERROR;
				GCC_WARN_UNDECLARED_SELECTOR = YES;
				GCC_WARN_UNINITIALIZED_AUTOS = YES_AGGRESSIVE;
				GCC_WARN_UNUSED_FUNCTION = YES;
				GCC_WARN_UNUSED_VARIABLE = YES;
				MACOSX_DEPLOYMENT_TARGET = 10.12;
				MTL_ENABLE_DEBUG_INFO = YES;
				ONLY_ACTIVE_ARCH = YES;
				SDKROOT = macosx;
				SWIFT_ACTIVE_COMPILATION_CONDITIONS = DEBUG;
				SWIFT_OPTIMIZATION_LEVEL = "-Onone";
			};
			name = Debug;
		};
		CA307FEE1E1567F900D6C0D6 /* Release */ = {
			isa = XCBuildConfiguration;
			buildSettings = {
				ALWAYS_SEARCH_USER_PATHS = NO;
				CLANG_ANALYZER_NONNULL = YES;
				CLANG_CXX_LANGUAGE_STANDARD = "gnu++0x";
				CLANG_CXX_LIBRARY = "libc++";
				CLANG_ENABLE_MODULES = YES;
				CLANG_ENABLE_OBJC_ARC = YES;
				CLANG_WARN_BOOL_CONVERSION = YES;
				CLANG_WARN_CONSTANT_CONVERSION = YES;
				CLANG_WARN_DIRECT_OBJC_ISA_USAGE = YES_ERROR;
				CLANG_WARN_DOCUMENTATION_COMMENTS = YES;
				CLANG_WARN_EMPTY_BODY = YES;
				CLANG_WARN_ENUM_CONVERSION = YES;
				CLANG_WARN_INFINITE_RECURSION = YES;
				CLANG_WARN_INT_CONVERSION = YES;
				CLANG_WARN_OBJC_ROOT_CLASS = YES_ERROR;
				CLANG_WARN_SUSPICIOUS_MOVE = YES;
				CLANG_WARN_UNREACHABLE_CODE = YES;
				CLANG_WARN__DUPLICATE_METHOD_MATCH = YES;
				CODE_SIGN_IDENTITY = "-";
				COPY_PHASE_STRIP = NO;
				DEBUG_INFORMATION_FORMAT = "dwarf-with-dsym";
				ENABLE_NS_ASSERTIONS = NO;
				ENABLE_STRICT_OBJC_MSGSEND = YES;
				GCC_C_LANGUAGE_STANDARD = gnu99;
				GCC_NO_COMMON_BLOCKS = YES;
				GCC_WARN_64_TO_32_BIT_CONVERSION = YES;
				GCC_WARN_ABOUT_RETURN_TYPE = YES_ERROR;
				GCC_WARN_UNDECLARED_SELECTOR = YES;
				GCC_WARN_UNINITIALIZED_AUTOS = YES_AGGRESSIVE;
				GCC_WARN_UNUSED_FUNCTION = YES;
				GCC_WARN_UNUSED_VARIABLE = YES;
				MACOSX_DEPLOYMENT_TARGET = 10.12;
				MTL_ENABLE_DEBUG_INFO = NO;
				SDKROOT = macosx;
				SWIFT_OPTIMIZATION_LEVEL = "-Owholemodule";
			};
			name = Release;
		};
		CA307FF01E1567F900D6C0D6 /* Debug */ = {
			isa = XCBuildConfiguration;
			buildSettings = {
				ASSETCATALOG_COMPILER_APPICON_NAME = AppIcon;
				COMBINE_HIDPI_IMAGES = YES;
				DEVELOPMENT_TEAM = 8X9VS723NH;
				INFOPLIST_FILE = Visualiser/Info.plist;
				LD_RUNPATH_SEARCH_PATHS = "$(inherited) @executable_path/../Frameworks";
				PRODUCT_BUNDLE_IDENTIFIER = com.douglasfinlay.Visualiser;
				PRODUCT_NAME = "$(TARGET_NAME)";
				SWIFT_OBJC_BRIDGING_HEADER = "";
				SWIFT_VERSION = 3.0;
			};
			name = Debug;
		};
		CA307FF11E1567F900D6C0D6 /* Release */ = {
			isa = XCBuildConfiguration;
			buildSettings = {
				ASSETCATALOG_COMPILER_APPICON_NAME = AppIcon;
				COMBINE_HIDPI_IMAGES = YES;
				DEVELOPMENT_TEAM = 8X9VS723NH;
				INFOPLIST_FILE = Visualiser/Info.plist;
				LD_RUNPATH_SEARCH_PATHS = "$(inherited) @executable_path/../Frameworks";
				PRODUCT_BUNDLE_IDENTIFIER = com.douglasfinlay.Visualiser;
				PRODUCT_NAME = "$(TARGET_NAME)";
				SWIFT_OBJC_BRIDGING_HEADER = "";
				SWIFT_VERSION = 3.0;
			};
			name = Release;
		};
/* End XCBuildConfiguration section */

/* Begin XCConfigurationList section */
		CA307FDB1E1567F900D6C0D6 /* Build configuration list for PBXProject "Visualiser" */ = {
			isa = XCConfigurationList;
			buildConfigurations = (
				CA307FED1E1567F900D6C0D6 /* Debug */,
				CA307FEE1E1567F900D6C0D6 /* Release */,
			);
			defaultConfigurationIsVisible = 0;
			defaultConfigurationName = Release;
		};
		CA307FEF1E1567F900D6C0D6 /* Build configuration list for PBXNativeTarget "Visualiser" */ = {
			isa = XCConfigurationList;
			buildConfigurations = (
				CA307FF01E1567F900D6C0D6 /* Debug */,
				CA307FF11E1567F900D6C0D6 /* Release */,
			);
			defaultConfigurationIsVisible = 0;
			defaultConfigurationName = Release;
		};
/* End XCConfigurationList section */
	};
	rootObject = CA307FD81E1567F900D6C0D6 /* Project object */;
}
